// !$*UTF8*$!
{
	archiveVersion = 1;
	classes = {
	};
	objectVersion = 55;
	objects = {

/* Begin PBXBuildFile section */
		D21B5ADC28169923005CC945 /* GoogleService-Info.plist in Resources */ = {isa = PBXBuildFile; fileRef = D21B5ADB28169923005CC945 /* GoogleService-Info.plist */; };
		D2935D312817E38600178A2C /* NunitoSans-Bold.ttf in Resources */ = {isa = PBXBuildFile; fileRef = D2935D302817E38600178A2C /* NunitoSans-Bold.ttf */; };
		D2935D342817E85700178A2C /* NavigationController.swift in Sources */ = {isa = PBXBuildFile; fileRef = D2935D332817E85700178A2C /* NavigationController.swift */; };
		D2935D382817EAB600178A2C /* Strings.swift in Sources */ = {isa = PBXBuildFile; fileRef = D2935D372817EAB600178A2C /* Strings.swift */; };
		D2935D3B2817F44700178A2C /* Style.swift in Sources */ = {isa = PBXBuildFile; fileRef = D2935D3A2817F44700178A2C /* Style.swift */; };
		D2935D3D2817F45200178A2C /* HomeStyle.swift in Sources */ = {isa = PBXBuildFile; fileRef = D2935D3C2817F45200178A2C /* HomeStyle.swift */; };
		D2935D4728187AE000178A2C /* NovelCover.swift in Sources */ = {isa = PBXBuildFile; fileRef = D2935D4628187AE000178A2C /* NovelCover.swift */; };
		D2935D4B2819290900178A2C /* NovelCoverCell.swift in Sources */ = {isa = PBXBuildFile; fileRef = D2935D4A2819290900178A2C /* NovelCoverCell.swift */; };
		D2935D4D28193ADA00178A2C /* HomeViewController+CollectionView.swift in Sources */ = {isa = PBXBuildFile; fileRef = D2935D4C28193ADA00178A2C /* HomeViewController+CollectionView.swift */; };
		D2935D4F2819749000178A2C /* HomeSectionHeader.swift in Sources */ = {isa = PBXBuildFile; fileRef = D2935D4E2819749000178A2C /* HomeSectionHeader.swift */; };
		D2A0F6EB2817138E00CA94D1 /* NetworkManager.swift in Sources */ = {isa = PBXBuildFile; fileRef = D2A0F6EA2817138E00CA94D1 /* NetworkManager.swift */; };
		D2A0F6EE281720E100CA94D1 /* NetworkResponse.swift in Sources */ = {isa = PBXBuildFile; fileRef = D2A0F6ED281720E100CA94D1 /* NetworkResponse.swift */; };
		D2A0F6F028172CB800CA94D1 /* String+Extension.swift in Sources */ = {isa = PBXBuildFile; fileRef = D2A0F6EF28172CB800CA94D1 /* String+Extension.swift */; };
		D2A0F6F228172CD900CA94D1 /* DecodingError.swift in Sources */ = {isa = PBXBuildFile; fileRef = D2A0F6F128172CD900CA94D1 /* DecodingError.swift */; };
		D2A0F6F428172D2700CA94D1 /* Novel.swift in Sources */ = {isa = PBXBuildFile; fileRef = D2A0F6F328172D2700CA94D1 /* Novel.swift */; };
		D2A0F6F82817D15800CA94D1 /* Presenter.swift in Sources */ = {isa = PBXBuildFile; fileRef = D2A0F6F72817D15800CA94D1 /* Presenter.swift */; };
		D2CCB178281695070071DA51 /* AppDelegate.swift in Sources */ = {isa = PBXBuildFile; fileRef = D2CCB177281695070071DA51 /* AppDelegate.swift */; };
		D2CCB17A281695070071DA51 /* SceneDelegate.swift in Sources */ = {isa = PBXBuildFile; fileRef = D2CCB179281695070071DA51 /* SceneDelegate.swift */; };
		D2CCB17C281695070071DA51 /* HomeViewController.swift in Sources */ = {isa = PBXBuildFile; fileRef = D2CCB17B281695070071DA51 /* HomeViewController.swift */; };
		D2CCB17F281695070071DA51 /* Main.storyboard in Resources */ = {isa = PBXBuildFile; fileRef = D2CCB17D281695070071DA51 /* Main.storyboard */; };
		D2CCB1812816950B0071DA51 /* Assets.xcassets in Resources */ = {isa = PBXBuildFile; fileRef = D2CCB1802816950B0071DA51 /* Assets.xcassets */; };
		D2CCB1842816950B0071DA51 /* LaunchScreen.storyboard in Resources */ = {isa = PBXBuildFile; fileRef = D2CCB1822816950B0071DA51 /* LaunchScreen.storyboard */; };
		EECB3D0E6DA1C6D72C1C37A0 /* Pods_ReadingApp.framework in Frameworks */ = {isa = PBXBuildFile; fileRef = 3FD8701FB7E8280A2012FF8E /* Pods_ReadingApp.framework */; };
/* End PBXBuildFile section */

/* Begin PBXFileReference section */
		27BC545E7848D5F1822094D6 /* Pods-ReadingApp.release.xcconfig */ = {isa = PBXFileReference; includeInIndex = 1; lastKnownFileType = text.xcconfig; name = "Pods-ReadingApp.release.xcconfig"; path = "Target Support Files/Pods-ReadingApp/Pods-ReadingApp.release.xcconfig"; sourceTree = "<group>"; };
		38EA93CA6DF62CE97C84B13E /* Pods-ReadingApp.debug.xcconfig */ = {isa = PBXFileReference; includeInIndex = 1; lastKnownFileType = text.xcconfig; name = "Pods-ReadingApp.debug.xcconfig"; path = "Target Support Files/Pods-ReadingApp/Pods-ReadingApp.debug.xcconfig"; sourceTree = "<group>"; };
		3FD8701FB7E8280A2012FF8E /* Pods_ReadingApp.framework */ = {isa = PBXFileReference; explicitFileType = wrapper.framework; includeInIndex = 0; path = Pods_ReadingApp.framework; sourceTree = BUILT_PRODUCTS_DIR; };
		D21B5ADB28169923005CC945 /* GoogleService-Info.plist */ = {isa = PBXFileReference; fileEncoding = 4; lastKnownFileType = text.plist.xml; path = "GoogleService-Info.plist"; sourceTree = "<group>"; };
		D2935D302817E38600178A2C /* NunitoSans-Bold.ttf */ = {isa = PBXFileReference; lastKnownFileType = file; path = "NunitoSans-Bold.ttf"; sourceTree = "<group>"; };
		D2935D332817E85700178A2C /* NavigationController.swift */ = {isa = PBXFileReference; lastKnownFileType = sourcecode.swift; path = NavigationController.swift; sourceTree = "<group>"; };
		D2935D372817EAB600178A2C /* Strings.swift */ = {isa = PBXFileReference; lastKnownFileType = sourcecode.swift; path = Strings.swift; sourceTree = "<group>"; };
		D2935D3A2817F44700178A2C /* Style.swift */ = {isa = PBXFileReference; lastKnownFileType = sourcecode.swift; path = Style.swift; sourceTree = "<group>"; };
		D2935D3C2817F45200178A2C /* HomeStyle.swift */ = {isa = PBXFileReference; lastKnownFileType = sourcecode.swift; path = HomeStyle.swift; sourceTree = "<group>"; };
		D2935D4628187AE000178A2C /* NovelCover.swift */ = {isa = PBXFileReference; lastKnownFileType = sourcecode.swift; path = NovelCover.swift; sourceTree = "<group>"; };
		D2935D4A2819290900178A2C /* NovelCoverCell.swift */ = {isa = PBXFileReference; lastKnownFileType = sourcecode.swift; path = NovelCoverCell.swift; sourceTree = "<group>"; };
		D2935D4C28193ADA00178A2C /* HomeViewController+CollectionView.swift */ = {isa = PBXFileReference; lastKnownFileType = sourcecode.swift; path = "HomeViewController+CollectionView.swift"; sourceTree = "<group>"; };
		D2935D4E2819749000178A2C /* HomeSectionHeader.swift */ = {isa = PBXFileReference; lastKnownFileType = sourcecode.swift; path = HomeSectionHeader.swift; sourceTree = "<group>"; };
		D2A0F6EA2817138E00CA94D1 /* NetworkManager.swift */ = {isa = PBXFileReference; lastKnownFileType = sourcecode.swift; path = NetworkManager.swift; sourceTree = "<group>"; };
		D2A0F6ED281720E100CA94D1 /* NetworkResponse.swift */ = {isa = PBXFileReference; lastKnownFileType = sourcecode.swift; path = NetworkResponse.swift; sourceTree = "<group>"; };
		D2A0F6EF28172CB800CA94D1 /* String+Extension.swift */ = {isa = PBXFileReference; lastKnownFileType = sourcecode.swift; path = "String+Extension.swift"; sourceTree = "<group>"; };
		D2A0F6F128172CD900CA94D1 /* DecodingError.swift */ = {isa = PBXFileReference; lastKnownFileType = sourcecode.swift; path = DecodingError.swift; sourceTree = "<group>"; };
		D2A0F6F328172D2700CA94D1 /* Novel.swift */ = {isa = PBXFileReference; lastKnownFileType = sourcecode.swift; path = Novel.swift; sourceTree = "<group>"; };
		D2A0F6F72817D15800CA94D1 /* Presenter.swift */ = {isa = PBXFileReference; lastKnownFileType = sourcecode.swift; path = Presenter.swift; sourceTree = "<group>"; };
		D2CCB174281695070071DA51 /* ReadingApp.app */ = {isa = PBXFileReference; explicitFileType = wrapper.application; includeInIndex = 0; path = ReadingApp.app; sourceTree = BUILT_PRODUCTS_DIR; };
		D2CCB177281695070071DA51 /* AppDelegate.swift */ = {isa = PBXFileReference; lastKnownFileType = sourcecode.swift; path = AppDelegate.swift; sourceTree = "<group>"; };
		D2CCB179281695070071DA51 /* SceneDelegate.swift */ = {isa = PBXFileReference; lastKnownFileType = sourcecode.swift; path = SceneDelegate.swift; sourceTree = "<group>"; };
		D2CCB17B281695070071DA51 /* HomeViewController.swift */ = {isa = PBXFileReference; lastKnownFileType = sourcecode.swift; path = HomeViewController.swift; sourceTree = "<group>"; };
		D2CCB17E281695070071DA51 /* Base */ = {isa = PBXFileReference; lastKnownFileType = file.storyboard; name = Base; path = Base.lproj/Main.storyboard; sourceTree = "<group>"; };
		D2CCB1802816950B0071DA51 /* Assets.xcassets */ = {isa = PBXFileReference; lastKnownFileType = folder.assetcatalog; path = Assets.xcassets; sourceTree = "<group>"; };
		D2CCB1832816950B0071DA51 /* Base */ = {isa = PBXFileReference; lastKnownFileType = file.storyboard; name = Base; path = Base.lproj/LaunchScreen.storyboard; sourceTree = "<group>"; };
		D2CCB1852816950B0071DA51 /* Info.plist */ = {isa = PBXFileReference; lastKnownFileType = text.plist.xml; path = Info.plist; sourceTree = "<group>"; };
/* End PBXFileReference section */

/* Begin PBXFrameworksBuildPhase section */
		D2CCB171281695070071DA51 /* Frameworks */ = {
			isa = PBXFrameworksBuildPhase;
			buildActionMask = 2147483647;
			files = (
				EECB3D0E6DA1C6D72C1C37A0 /* Pods_ReadingApp.framework in Frameworks */,
			);
			runOnlyForDeploymentPostprocessing = 0;
		};
/* End PBXFrameworksBuildPhase section */

/* Begin PBXGroup section */
		4763166AF90F6AB2469E18D6 /* Frameworks */ = {
			isa = PBXGroup;
			children = (
				3FD8701FB7E8280A2012FF8E /* Pods_ReadingApp.framework */,
			);
			name = Frameworks;
			sourceTree = "<group>";
		};
		D2935D322817E38900178A2C /* Fonts */ = {
			isa = PBXGroup;
			children = (
				D2935D302817E38600178A2C /* NunitoSans-Bold.ttf */,
			);
			path = Fonts;
			sourceTree = "<group>";
		};
		D2935D392817F43B00178A2C /* Style */ = {
			isa = PBXGroup;
			children = (
				D2935D3A2817F44700178A2C /* Style.swift */,
				D2935D3C2817F45200178A2C /* HomeStyle.swift */,
			);
			path = Style;
			sourceTree = "<group>";
		};
		D2A0F6EC281720B900CA94D1 /* Networking */ = {
			isa = PBXGroup;
			children = (
				D2A0F6F128172CD900CA94D1 /* DecodingError.swift */,
				D2A0F6EA2817138E00CA94D1 /* NetworkManager.swift */,
				D2A0F6ED281720E100CA94D1 /* NetworkResponse.swift */,
			);
			path = Networking;
			sourceTree = "<group>";
		};
		D2A0F6F528172D3400CA94D1 /* Model */ = {
			isa = PBXGroup;
			children = (
				D2A0F6F328172D2700CA94D1 /* Novel.swift */,
				D2935D4628187AE000178A2C /* NovelCover.swift */,
			);
			path = Model;
			sourceTree = "<group>";
		};
		D2A0F6F628172D8400CA94D1 /* App */ = {
			isa = PBXGroup;
			children = (
				D2CCB177281695070071DA51 /* AppDelegate.swift */,
				D2CCB179281695070071DA51 /* SceneDelegate.swift */,
				D2CCB1822816950B0071DA51 /* LaunchScreen.storyboard */,
				D2CCB17D281695070071DA51 /* Main.storyboard */,
			);
			path = App;
			sourceTree = "<group>";
		};
		D2CCB16B281695070071DA51 = {
			isa = PBXGroup;
			children = (
				D2CCB176281695070071DA51 /* ReadingApp */,
				D2CCB175281695070071DA51 /* Products */,
				E56E8BEFDB54163C6006BF9C /* Pods */,
				4763166AF90F6AB2469E18D6 /* Frameworks */,
			);
			sourceTree = "<group>";
		};
		D2CCB175281695070071DA51 /* Products */ = {
			isa = PBXGroup;
			children = (
				D2CCB174281695070071DA51 /* ReadingApp.app */,
			);
			name = Products;
			sourceTree = "<group>";
		};
		D2CCB176281695070071DA51 /* ReadingApp */ = {
			isa = PBXGroup;
			children = (
				D2935D392817F43B00178A2C /* Style */,
				D21B5ADB28169923005CC945 /* GoogleService-Info.plist */,
				D2CCB1852816950B0071DA51 /* Info.plist */,
				D2CCB17B281695070071DA51 /* HomeViewController.swift */,
				D2A0F6F72817D15800CA94D1 /* Presenter.swift */,
				D2A0F6EF28172CB800CA94D1 /* String+Extension.swift */,
				D2CCB1802816950B0071DA51 /* Assets.xcassets */,
				D2A0F6F628172D8400CA94D1 /* App */,
				D2935D322817E38900178A2C /* Fonts */,
				D2A0F6F528172D3400CA94D1 /* Model */,
				D2A0F6EC281720B900CA94D1 /* Networking */,
				D2935D332817E85700178A2C /* NavigationController.swift */,
				D2935D372817EAB600178A2C /* Strings.swift */,
				D2935D4A2819290900178A2C /* NovelCoverCell.swift */,
				D2935D4C28193ADA00178A2C /* HomeViewController+CollectionView.swift */,
				D2935D4E2819749000178A2C /* HomeSectionHeader.swift */,
			);
			path = ReadingApp;
			sourceTree = "<group>";
		};
		E56E8BEFDB54163C6006BF9C /* Pods */ = {
			isa = PBXGroup;
			children = (
				38EA93CA6DF62CE97C84B13E /* Pods-ReadingApp.debug.xcconfig */,
				27BC545E7848D5F1822094D6 /* Pods-ReadingApp.release.xcconfig */,
			);
			path = Pods;
			sourceTree = "<group>";
		};
/* End PBXGroup section */

/* Begin PBXNativeTarget section */
		D2CCB173281695070071DA51 /* ReadingApp */ = {
			isa = PBXNativeTarget;
			buildConfigurationList = D2CCB1882816950B0071DA51 /* Build configuration list for PBXNativeTarget "ReadingApp" */;
			buildPhases = (
				41B8F3179B597833DD35E0F7 /* [CP] Check Pods Manifest.lock */,
				D2CCB170281695070071DA51 /* Sources */,
				D2CCB171281695070071DA51 /* Frameworks */,
				D2CCB172281695070071DA51 /* Resources */,
				B4B1338DC8598D0AA4091413 /* [CP] Embed Pods Frameworks */,
			);
			buildRules = (
			);
			dependencies = (
			);
			name = ReadingApp;
			productName = ReadingApp;
			productReference = D2CCB174281695070071DA51 /* ReadingApp.app */;
			productType = "com.apple.product-type.application";
		};
/* End PBXNativeTarget section */

/* Begin PBXProject section */
		D2CCB16C281695070071DA51 /* Project object */ = {
			isa = PBXProject;
			attributes = {
				BuildIndependentTargetsInParallel = 1;
				LastSwiftUpdateCheck = 1330;
				LastUpgradeCheck = 1330;
				TargetAttributes = {
					D2CCB173281695070071DA51 = {
						CreatedOnToolsVersion = 13.3.1;
					};
				};
			};
			buildConfigurationList = D2CCB16F281695070071DA51 /* Build configuration list for PBXProject "ReadingApp" */;
			compatibilityVersion = "Xcode 13.0";
			developmentRegion = en;
			hasScannedForEncodings = 0;
			knownRegions = (
				en,
				Base,
			);
			mainGroup = D2CCB16B281695070071DA51;
			productRefGroup = D2CCB175281695070071DA51 /* Products */;
			projectDirPath = "";
			projectRoot = "";
			targets = (
				D2CCB173281695070071DA51 /* ReadingApp */,
			);
		};
/* End PBXProject section */

/* Begin PBXResourcesBuildPhase section */
		D2CCB172281695070071DA51 /* Resources */ = {
			isa = PBXResourcesBuildPhase;
			buildActionMask = 2147483647;
			files = (
				D2CCB1842816950B0071DA51 /* LaunchScreen.storyboard in Resources */,
				D21B5ADC28169923005CC945 /* GoogleService-Info.plist in Resources */,
				D2CCB1812816950B0071DA51 /* Assets.xcassets in Resources */,
				D2935D312817E38600178A2C /* NunitoSans-Bold.ttf in Resources */,
				D2CCB17F281695070071DA51 /* Main.storyboard in Resources */,
			);
			runOnlyForDeploymentPostprocessing = 0;
		};
/* End PBXResourcesBuildPhase section */

/* Begin PBXShellScriptBuildPhase section */
		41B8F3179B597833DD35E0F7 /* [CP] Check Pods Manifest.lock */ = {
			isa = PBXShellScriptBuildPhase;
			buildActionMask = 2147483647;
			files = (
			);
			inputFileListPaths = (
			);
			inputPaths = (
				"${PODS_PODFILE_DIR_PATH}/Podfile.lock",
				"${PODS_ROOT}/Manifest.lock",
			);
			name = "[CP] Check Pods Manifest.lock";
			outputFileListPaths = (
			);
			outputPaths = (
				"$(DERIVED_FILE_DIR)/Pods-ReadingApp-checkManifestLockResult.txt",
			);
			runOnlyForDeploymentPostprocessing = 0;
			shellPath = /bin/sh;
			shellScript = "diff \"${PODS_PODFILE_DIR_PATH}/Podfile.lock\" \"${PODS_ROOT}/Manifest.lock\" > /dev/null\nif [ $? != 0 ] ; then\n    # print error to STDERR\n    echo \"error: The sandbox is not in sync with the Podfile.lock. Run 'pod install' or update your CocoaPods installation.\" >&2\n    exit 1\nfi\n# This output is used by Xcode 'outputs' to avoid re-running this script phase.\necho \"SUCCESS\" > \"${SCRIPT_OUTPUT_FILE_0}\"\n";
			showEnvVarsInLog = 0;
		};
		B4B1338DC8598D0AA4091413 /* [CP] Embed Pods Frameworks */ = {
			isa = PBXShellScriptBuildPhase;
			buildActionMask = 2147483647;
			files = (
			);
			inputFileListPaths = (
				"${PODS_ROOT}/Target Support Files/Pods-ReadingApp/Pods-ReadingApp-frameworks-${CONFIGURATION}-input-files.xcfilelist",
			);
			name = "[CP] Embed Pods Frameworks";
			outputFileListPaths = (
				"${PODS_ROOT}/Target Support Files/Pods-ReadingApp/Pods-ReadingApp-frameworks-${CONFIGURATION}-output-files.xcfilelist",
			);
			runOnlyForDeploymentPostprocessing = 0;
			shellPath = /bin/sh;
			shellScript = "\"${PODS_ROOT}/Target Support Files/Pods-ReadingApp/Pods-ReadingApp-frameworks.sh\"\n";
			showEnvVarsInLog = 0;
		};
/* End PBXShellScriptBuildPhase section */

/* Begin PBXSourcesBuildPhase section */
		D2CCB170281695070071DA51 /* Sources */ = {
			isa = PBXSourcesBuildPhase;
			buildActionMask = 2147483647;
			files = (
				D2A0F6F82817D15800CA94D1 /* Presenter.swift in Sources */,
				D2A0F6EB2817138E00CA94D1 /* NetworkManager.swift in Sources */,
				D2935D4B2819290900178A2C /* NovelCoverCell.swift in Sources */,
				D2A0F6EE281720E100CA94D1 /* NetworkResponse.swift in Sources */,
				D2A0F6F428172D2700CA94D1 /* Novel.swift in Sources */,
				D2CCB17C281695070071DA51 /* HomeViewController.swift in Sources */,
				D2935D3B2817F44700178A2C /* Style.swift in Sources */,
				D2CCB178281695070071DA51 /* AppDelegate.swift in Sources */,
				D2A0F6F028172CB800CA94D1 /* String+Extension.swift in Sources */,
				D2935D4728187AE000178A2C /* NovelCover.swift in Sources */,
				D2935D342817E85700178A2C /* NavigationController.swift in Sources */,
				D2A0F6F228172CD900CA94D1 /* DecodingError.swift in Sources */,
				D2935D4D28193ADA00178A2C /* HomeViewController+CollectionView.swift in Sources */,
				D2935D3D2817F45200178A2C /* HomeStyle.swift in Sources */,
				D2CCB17A281695070071DA51 /* SceneDelegate.swift in Sources */,
				D2935D382817EAB600178A2C /* Strings.swift in Sources */,
				D2935D4F2819749000178A2C /* HomeSectionHeader.swift in Sources */,
			);
			runOnlyForDeploymentPostprocessing = 0;
		};
/* End PBXSourcesBuildPhase section */

/* Begin PBXVariantGroup section */
		D2CCB17D281695070071DA51 /* Main.storyboard */ = {
			isa = PBXVariantGroup;
			children = (
				D2CCB17E281695070071DA51 /* Base */,
			);
			name = Main.storyboard;
			sourceTree = "<group>";
		};
		D2CCB1822816950B0071DA51 /* LaunchScreen.storyboard */ = {
			isa = PBXVariantGroup;
			children = (
				D2CCB1832816950B0071DA51 /* Base */,
			);
			name = LaunchScreen.storyboard;
			sourceTree = "<group>";
		};
/* End PBXVariantGroup section */

/* Begin XCBuildConfiguration section */
		D2CCB1862816950B0071DA51 /* Debug */ = {
			isa = XCBuildConfiguration;
			buildSettings = {
				ALWAYS_SEARCH_USER_PATHS = NO;
				CLANG_ANALYZER_NONNULL = YES;
				CLANG_ANALYZER_NUMBER_OBJECT_CONVERSION = YES_AGGRESSIVE;
				CLANG_CXX_LANGUAGE_STANDARD = "gnu++17";
				CLANG_ENABLE_MODULES = YES;
				CLANG_ENABLE_OBJC_ARC = YES;
				CLANG_ENABLE_OBJC_WEAK = YES;
				CLANG_WARN_BLOCK_CAPTURE_AUTORELEASING = YES;
				CLANG_WARN_BOOL_CONVERSION = YES;
				CLANG_WARN_COMMA = YES;
				CLANG_WARN_CONSTANT_CONVERSION = YES;
				CLANG_WARN_DEPRECATED_OBJC_IMPLEMENTATIONS = YES;
				CLANG_WARN_DIRECT_OBJC_ISA_USAGE = YES_ERROR;
				CLANG_WARN_DOCUMENTATION_COMMENTS = YES;
				CLANG_WARN_EMPTY_BODY = YES;
				CLANG_WARN_ENUM_CONVERSION = YES;
				CLANG_WARN_INFINITE_RECURSION = YES;
				CLANG_WARN_INT_CONVERSION = YES;
				CLANG_WARN_NON_LITERAL_NULL_CONVERSION = YES;
				CLANG_WARN_OBJC_IMPLICIT_RETAIN_SELF = YES;
				CLANG_WARN_OBJC_LITERAL_CONVERSION = YES;
				CLANG_WARN_OBJC_ROOT_CLASS = YES_ERROR;
				CLANG_WARN_QUOTED_INCLUDE_IN_FRAMEWORK_HEADER = YES;
				CLANG_WARN_RANGE_LOOP_ANALYSIS = YES;
				CLANG_WARN_STRICT_PROTOTYPES = YES;
				CLANG_WARN_SUSPICIOUS_MOVE = YES;
				CLANG_WARN_UNGUARDED_AVAILABILITY = YES_AGGRESSIVE;
				CLANG_WARN_UNREACHABLE_CODE = YES;
				CLANG_WARN__DUPLICATE_METHOD_MATCH = YES;
				COPY_PHASE_STRIP = NO;
				DEBUG_INFORMATION_FORMAT = dwarf;
				ENABLE_STRICT_OBJC_MSGSEND = YES;
				ENABLE_TESTABILITY = YES;
				GCC_C_LANGUAGE_STANDARD = gnu11;
				GCC_DYNAMIC_NO_PIC = NO;
				GCC_NO_COMMON_BLOCKS = YES;
				GCC_OPTIMIZATION_LEVEL = 0;
				GCC_PREPROCESSOR_DEFINITIONS = (
					"DEBUG=1",
					"$(inherited)",
				);
				GCC_WARN_64_TO_32_BIT_CONVERSION = YES;
				GCC_WARN_ABOUT_RETURN_TYPE = YES_ERROR;
				GCC_WARN_UNDECLARED_SELECTOR = YES;
				GCC_WARN_UNINITIALIZED_AUTOS = YES_AGGRESSIVE;
				GCC_WARN_UNUSED_FUNCTION = YES;
				GCC_WARN_UNUSED_VARIABLE = YES;
				IPHONEOS_DEPLOYMENT_TARGET = 15.4;
				MTL_ENABLE_DEBUG_INFO = INCLUDE_SOURCE;
				MTL_FAST_MATH = YES;
				ONLY_ACTIVE_ARCH = YES;
				SDKROOT = iphoneos;
				SWIFT_ACTIVE_COMPILATION_CONDITIONS = DEBUG;
				SWIFT_OPTIMIZATION_LEVEL = "-Onone";
			};
			name = Debug;
		};
		D2CCB1872816950B0071DA51 /* Release */ = {
			isa = XCBuildConfiguration;
			buildSettings = {
				ALWAYS_SEARCH_USER_PATHS = NO;
				CLANG_ANALYZER_NONNULL = YES;
				CLANG_ANALYZER_NUMBER_OBJECT_CONVERSION = YES_AGGRESSIVE;
				CLANG_CXX_LANGUAGE_STANDARD = "gnu++17";
				CLANG_ENABLE_MODULES = YES;
				CLANG_ENABLE_OBJC_ARC = YES;
				CLANG_ENABLE_OBJC_WEAK = YES;
				CLANG_WARN_BLOCK_CAPTURE_AUTORELEASING = YES;
				CLANG_WARN_BOOL_CONVERSION = YES;
				CLANG_WARN_COMMA = YES;
				CLANG_WARN_CONSTANT_CONVERSION = YES;
				CLANG_WARN_DEPRECATED_OBJC_IMPLEMENTATIONS = YES;
				CLANG_WARN_DIRECT_OBJC_ISA_USAGE = YES_ERROR;
				CLANG_WARN_DOCUMENTATION_COMMENTS = YES;
				CLANG_WARN_EMPTY_BODY = YES;
				CLANG_WARN_ENUM_CONVERSION = YES;
				CLANG_WARN_INFINITE_RECURSION = YES;
				CLANG_WARN_INT_CONVERSION = YES;
				CLANG_WARN_NON_LITERAL_NULL_CONVERSION = YES;
				CLANG_WARN_OBJC_IMPLICIT_RETAIN_SELF = YES;
				CLANG_WARN_OBJC_LITERAL_CONVERSION = YES;
				CLANG_WARN_OBJC_ROOT_CLASS = YES_ERROR;
				CLANG_WARN_QUOTED_INCLUDE_IN_FRAMEWORK_HEADER = YES;
				CLANG_WARN_RANGE_LOOP_ANALYSIS = YES;
				CLANG_WARN_STRICT_PROTOTYPES = YES;
				CLANG_WARN_SUSPICIOUS_MOVE = YES;
				CLANG_WARN_UNGUARDED_AVAILABILITY = YES_AGGRESSIVE;
				CLANG_WARN_UNREACHABLE_CODE = YES;
				CLANG_WARN__DUPLICATE_METHOD_MATCH = YES;
				COPY_PHASE_STRIP = NO;
				DEBUG_INFORMATION_FORMAT = "dwarf-with-dsym";
				ENABLE_NS_ASSERTIONS = NO;
				ENABLE_STRICT_OBJC_MSGSEND = YES;
				GCC_C_LANGUAGE_STANDARD = gnu11;
				GCC_NO_COMMON_BLOCKS = YES;
				GCC_WARN_64_TO_32_BIT_CONVERSION = YES;
				GCC_WARN_ABOUT_RETURN_TYPE = YES_ERROR;
				GCC_WARN_UNDECLARED_SELECTOR = YES;
				GCC_WARN_UNINITIALIZED_AUTOS = YES_AGGRESSIVE;
				GCC_WARN_UNUSED_FUNCTION = YES;
				GCC_WARN_UNUSED_VARIABLE = YES;
				IPHONEOS_DEPLOYMENT_TARGET = 15.4;
				MTL_ENABLE_DEBUG_INFO = NO;
				MTL_FAST_MATH = YES;
				SDKROOT = iphoneos;
				SWIFT_COMPILATION_MODE = wholemodule;
				SWIFT_OPTIMIZATION_LEVEL = "-O";
				VALIDATE_PRODUCT = YES;
			};
			name = Release;
		};
		D2CCB1892816950B0071DA51 /* Debug */ = {
			isa = XCBuildConfiguration;
			baseConfigurationReference = 38EA93CA6DF62CE97C84B13E /* Pods-ReadingApp.debug.xcconfig */;
			buildSettings = {
				ASSETCATALOG_COMPILER_APPICON_NAME = AppIcon;
				ASSETCATALOG_COMPILER_GLOBAL_ACCENT_COLOR_NAME = AccentColor;
				CODE_SIGN_STYLE = Automatic;
				CURRENT_PROJECT_VERSION = 1;
				DEVELOPMENT_TEAM = B6U9AWB5W8;
				GENERATE_INFOPLIST_FILE = YES;
				INFOPLIST_FILE = ReadingApp/Info.plist;
				INFOPLIST_KEY_UIApplicationSupportsIndirectInputEvents = YES;
				INFOPLIST_KEY_UILaunchStoryboardName = LaunchScreen;
				INFOPLIST_KEY_UIMainStoryboardFile = Main;
				INFOPLIST_KEY_UISupportedInterfaceOrientations_iPad = "UIInterfaceOrientationPortrait UIInterfaceOrientationPortraitUpsideDown UIInterfaceOrientationLandscapeLeft UIInterfaceOrientationLandscapeRight";
				INFOPLIST_KEY_UISupportedInterfaceOrientations_iPhone = "UIInterfaceOrientationPortrait UIInterfaceOrientationLandscapeLeft UIInterfaceOrientationLandscapeRight";
				LD_RUNPATH_SEARCH_PATHS = (
					"$(inherited)",
					"@executable_path/Frameworks",
				);
				MARKETING_VERSION = 1.0;
				PRODUCT_BUNDLE_IDENTIFIER = holywater.ReadingApp;
				PRODUCT_NAME = "$(TARGET_NAME)";
				SWIFT_EMIT_LOC_STRINGS = YES;
				SWIFT_VERSION = 5.0;
				TARGETED_DEVICE_FAMILY = "1,2";
			};
			name = Debug;
		};
		D2CCB18A2816950B0071DA51 /* Release */ = {
			isa = XCBuildConfiguration;
			baseConfigurationReference = 27BC545E7848D5F1822094D6 /* Pods-ReadingApp.release.xcconfig */;
			buildSettings = {
				ASSETCATALOG_COMPILER_APPICON_NAME = AppIcon;
				ASSETCATALOG_COMPILER_GLOBAL_ACCENT_COLOR_NAME = AccentColor;
				CODE_SIGN_STYLE = Automatic;
				CURRENT_PROJECT_VERSION = 1;
				DEVELOPMENT_TEAM = B6U9AWB5W8;
				GENERATE_INFOPLIST_FILE = YES;
				INFOPLIST_FILE = ReadingApp/Info.plist;
				INFOPLIST_KEY_UIApplicationSupportsIndirectInputEvents = YES;
				INFOPLIST_KEY_UILaunchStoryboardName = LaunchScreen;
				INFOPLIST_KEY_UIMainStoryboardFile = Main;
				INFOPLIST_KEY_UISupportedInterfaceOrientations_iPad = "UIInterfaceOrientationPortrait UIInterfaceOrientationPortraitUpsideDown UIInterfaceOrientationLandscapeLeft UIInterfaceOrientationLandscapeRight";
				INFOPLIST_KEY_UISupportedInterfaceOrientations_iPhone = "UIInterfaceOrientationPortrait UIInterfaceOrientationLandscapeLeft UIInterfaceOrientationLandscapeRight";
				LD_RUNPATH_SEARCH_PATHS = (
					"$(inherited)",
					"@executable_path/Frameworks",
				);
				MARKETING_VERSION = 1.0;
				PRODUCT_BUNDLE_IDENTIFIER = holywater.ReadingApp;
				PRODUCT_NAME = "$(TARGET_NAME)";
				SWIFT_EMIT_LOC_STRINGS = YES;
				SWIFT_VERSION = 5.0;
				TARGETED_DEVICE_FAMILY = "1,2";
			};
			name = Release;
		};
/* End XCBuildConfiguration section */

/* Begin XCConfigurationList section */
		D2CCB16F281695070071DA51 /* Build configuration list for PBXProject "ReadingApp" */ = {
			isa = XCConfigurationList;
			buildConfigurations = (
				D2CCB1862816950B0071DA51 /* Debug */,
				D2CCB1872816950B0071DA51 /* Release */,
			);
			defaultConfigurationIsVisible = 0;
			defaultConfigurationName = Release;
		};
		D2CCB1882816950B0071DA51 /* Build configuration list for PBXNativeTarget "ReadingApp" */ = {
			isa = XCConfigurationList;
			buildConfigurations = (
				D2CCB1892816950B0071DA51 /* Debug */,
				D2CCB18A2816950B0071DA51 /* Release */,
			);
			defaultConfigurationIsVisible = 0;
			defaultConfigurationName = Release;
		};
/* End XCConfigurationList section */
	};
	rootObject = D2CCB16C281695070071DA51 /* Project object */;
}
